// !$*UTF8*$!
{
	archiveVersion = 1;
	classes = {
	};
	objectVersion = 46;
	objects = {

/* Begin PBXBuildFile section */
		A33F81631F89530F00988950 /* SegmentedProgressBar.swift in Sources */ = {isa = PBXBuildFile; fileRef = A33F81621F89530F00988950 /* SegmentedProgressBar.swift */; };
		A346D7821F8A737700BBF75C /* giphy.mp4 in Resources */ = {isa = PBXBuildFile; fileRef = A346D7811F8A737700BBF75C /* giphy.mp4 */; };
		A346D7841F8A738A00BBF75C /* open_sign.mp4 in Resources */ = {isa = PBXBuildFile; fileRef = A346D7831F8A738A00BBF75C /* open_sign.mp4 */; };
		A36529391F8A5F2E009616DC /* InstagramStoriesTableViewCell.swift in Sources */ = {isa = PBXBuildFile; fileRef = A36529381F8A5F2E009616DC /* InstagramStoriesTableViewCell.swift */; };
		A37CE2271F8B3CF100DFC1FC /* jsonFile.json in Resources */ = {isa = PBXBuildFile; fileRef = A37CE2261F8B3CF100DFC1FC /* jsonFile.json */; };
		A38D5F811F861EDE00E15382 /* AppDelegate.swift in Sources */ = {isa = PBXBuildFile; fileRef = A38D5F801F861EDE00E15382 /* AppDelegate.swift */; };
		A38D5F831F861EDE00E15382 /* InstagramStoryViewController.swift in Sources */ = {isa = PBXBuildFile; fileRef = A38D5F821F861EDE00E15382 /* InstagramStoryViewController.swift */; };
		A38D5F861F861EDE00E15382 /* Main.storyboard in Resources */ = {isa = PBXBuildFile; fileRef = A38D5F841F861EDE00E15382 /* Main.storyboard */; };
		A38D5F891F861EDE00E15382 /* InstagramStoriesModule.xcdatamodeld in Sources */ = {isa = PBXBuildFile; fileRef = A38D5F871F861EDE00E15382 /* InstagramStoriesModule.xcdatamodeld */; };
		A38D5F8B1F861EDE00E15382 /* Assets.xcassets in Resources */ = {isa = PBXBuildFile; fileRef = A38D5F8A1F861EDE00E15382 /* Assets.xcassets */; };
		A38D5F8E1F861EDE00E15382 /* LaunchScreen.storyboard in Resources */ = {isa = PBXBuildFile; fileRef = A38D5F8C1F861EDE00E15382 /* LaunchScreen.storyboard */; };
		A38D5F991F861EDE00E15382 /* InstagramStoriesModuleTests.swift in Sources */ = {isa = PBXBuildFile; fileRef = A38D5F981F861EDE00E15382 /* InstagramStoriesModuleTests.swift */; };
		A38D5FA41F861EDE00E15382 /* InstagramStoriesModuleUITests.swift in Sources */ = {isa = PBXBuildFile; fileRef = A38D5FA31F861EDE00E15382 /* InstagramStoriesModuleUITests.swift */; };
		A38D5FB41F86424B00E15382 /* InstagramStoryCollectionViewCell.swift in Sources */ = {isa = PBXBuildFile; fileRef = A38D5FB31F86424B00E15382 /* InstagramStoryCollectionViewCell.swift */; };
		A3B7DCD01F8B35640031AD08 /* InstagramStoriesModel.swift in Sources */ = {isa = PBXBuildFile; fileRef = A3B7DCCF1F8B35640031AD08 /* InstagramStoriesModel.swift */; };
		A3D8CF1F1F8B4768009E065C /* InstagramUserServices.swift in Sources */ = {isa = PBXBuildFile; fileRef = A3D8CF1E1F8B4768009E065C /* InstagramUserServices.swift */; };
		A3D8CF211F8B47E3009E065C /* SwiftyJSON.framework in Frameworks */ = {isa = PBXBuildFile; fileRef = A3D8CF201F8B47E3009E065C /* SwiftyJSON.framework */; };
		A3DF1A071F86835E006E109D /* InstagramStoryDetailViewController.swift in Sources */ = {isa = PBXBuildFile; fileRef = A3DF1A061F86835E006E109D /* InstagramStoryDetailViewController.swift */; };
		A3DF1A0C1F8685A6006E109D /* StoryboardIdentifiable.swift in Sources */ = {isa = PBXBuildFile; fileRef = A3DF1A091F8685A6006E109D /* StoryboardIdentifiable.swift */; };
		A3DF1A0D1F8685A6006E109D /* UIStoryboard+Storyboards.swift in Sources */ = {isa = PBXBuildFile; fileRef = A3DF1A0A1F8685A6006E109D /* UIStoryboard+Storyboards.swift */; };
		A3DF1A0E1F8685A6006E109D /* UIViewController+StoryboardIdentifier.swift in Sources */ = {isa = PBXBuildFile; fileRef = A3DF1A0B1F8685A6006E109D /* UIViewController+StoryboardIdentifier.swift */; };
		D6A491D34B8786113BAEEBD5 /* Pods_InstagramStoriesModule.framework in Frameworks */ = {isa = PBXBuildFile; fileRef = D2FB083E1080A7B596B5D040 /* Pods_InstagramStoriesModule.framework */; };
/* End PBXBuildFile section */

/* Begin PBXContainerItemProxy section */
		A38D5F951F861EDE00E15382 /* PBXContainerItemProxy */ = {
			isa = PBXContainerItemProxy;
			containerPortal = A38D5F751F861EDE00E15382 /* Project object */;
			proxyType = 1;
			remoteGlobalIDString = A38D5F7C1F861EDE00E15382;
			remoteInfo = InstagramStoriesModule;
		};
		A38D5FA01F861EDE00E15382 /* PBXContainerItemProxy */ = {
			isa = PBXContainerItemProxy;
			containerPortal = A38D5F751F861EDE00E15382 /* Project object */;
			proxyType = 1;
			remoteGlobalIDString = A38D5F7C1F861EDE00E15382;
			remoteInfo = InstagramStoriesModule;
		};
/* End PBXContainerItemProxy section */

/* Begin PBXFileReference section */
		5DC3F9A131256152D9D23357 /* Pods-InstagramStoriesModule.debug.xcconfig */ = {isa = PBXFileReference; includeInIndex = 1; lastKnownFileType = text.xcconfig; name = "Pods-InstagramStoriesModule.debug.xcconfig"; path = "Pods/Target Support Files/Pods-InstagramStoriesModule/Pods-InstagramStoriesModule.debug.xcconfig"; sourceTree = "<group>"; };
		7D1FD72526D8638D78043348 /* Pods-InstagramStoriesModule.release.xcconfig */ = {isa = PBXFileReference; includeInIndex = 1; lastKnownFileType = text.xcconfig; name = "Pods-InstagramStoriesModule.release.xcconfig"; path = "Pods/Target Support Files/Pods-InstagramStoriesModule/Pods-InstagramStoriesModule.release.xcconfig"; sourceTree = "<group>"; };
		A33F81621F89530F00988950 /* SegmentedProgressBar.swift */ = {isa = PBXFileReference; fileEncoding = 4; lastKnownFileType = sourcecode.swift; path = SegmentedProgressBar.swift; sourceTree = "<group>"; };
		A346D7811F8A737700BBF75C /* giphy.mp4 */ = {isa = PBXFileReference; lastKnownFileType = file; name = giphy.mp4; path = ../giphy.mp4; sourceTree = "<group>"; };
		A346D7831F8A738A00BBF75C /* open_sign.mp4 */ = {isa = PBXFileReference; lastKnownFileType = file; name = open_sign.mp4; path = ../open_sign.mp4; sourceTree = "<group>"; };
		A36529381F8A5F2E009616DC /* InstagramStoriesTableViewCell.swift */ = {isa = PBXFileReference; fileEncoding = 4; lastKnownFileType = sourcecode.swift; path = InstagramStoriesTableViewCell.swift; sourceTree = "<group>"; };
		A37CE2261F8B3CF100DFC1FC /* jsonFile.json */ = {isa = PBXFileReference; fileEncoding = 4; lastKnownFileType = text.json; path = jsonFile.json; sourceTree = "<group>"; };
		A38D5F7D1F861EDE00E15382 /* InstagramStoriesModule.app */ = {isa = PBXFileReference; explicitFileType = wrapper.application; includeInIndex = 0; path = InstagramStoriesModule.app; sourceTree = BUILT_PRODUCTS_DIR; };
		A38D5F801F861EDE00E15382 /* AppDelegate.swift */ = {isa = PBXFileReference; lastKnownFileType = sourcecode.swift; path = AppDelegate.swift; sourceTree = "<group>"; };
		A38D5F821F861EDE00E15382 /* InstagramStoryViewController.swift */ = {isa = PBXFileReference; lastKnownFileType = sourcecode.swift; path = InstagramStoryViewController.swift; sourceTree = "<group>"; };
		A38D5F851F861EDE00E15382 /* Base */ = {isa = PBXFileReference; lastKnownFileType = file.storyboard; name = Base; path = Base.lproj/Main.storyboard; sourceTree = "<group>"; };
		A38D5F881F861EDE00E15382 /* InstagramStoriesModule.xcdatamodel */ = {isa = PBXFileReference; lastKnownFileType = wrapper.xcdatamodel; path = InstagramStoriesModule.xcdatamodel; sourceTree = "<group>"; };
		A38D5F8A1F861EDE00E15382 /* Assets.xcassets */ = {isa = PBXFileReference; lastKnownFileType = folder.assetcatalog; path = Assets.xcassets; sourceTree = "<group>"; };
		A38D5F8D1F861EDE00E15382 /* Base */ = {isa = PBXFileReference; lastKnownFileType = file.storyboard; name = Base; path = Base.lproj/LaunchScreen.storyboard; sourceTree = "<group>"; };
		A38D5F8F1F861EDE00E15382 /* Info.plist */ = {isa = PBXFileReference; lastKnownFileType = text.plist.xml; path = Info.plist; sourceTree = "<group>"; };
		A38D5F941F861EDE00E15382 /* InstagramStoriesModuleTests.xctest */ = {isa = PBXFileReference; explicitFileType = wrapper.cfbundle; includeInIndex = 0; path = InstagramStoriesModuleTests.xctest; sourceTree = BUILT_PRODUCTS_DIR; };
		A38D5F981F861EDE00E15382 /* InstagramStoriesModuleTests.swift */ = {isa = PBXFileReference; lastKnownFileType = sourcecode.swift; path = InstagramStoriesModuleTests.swift; sourceTree = "<group>"; };
		A38D5F9A1F861EDE00E15382 /* Info.plist */ = {isa = PBXFileReference; lastKnownFileType = text.plist.xml; path = Info.plist; sourceTree = "<group>"; };
		A38D5F9F1F861EDE00E15382 /* InstagramStoriesModuleUITests.xctest */ = {isa = PBXFileReference; explicitFileType = wrapper.cfbundle; includeInIndex = 0; path = InstagramStoriesModuleUITests.xctest; sourceTree = BUILT_PRODUCTS_DIR; };
		A38D5FA31F861EDE00E15382 /* InstagramStoriesModuleUITests.swift */ = {isa = PBXFileReference; lastKnownFileType = sourcecode.swift; path = InstagramStoriesModuleUITests.swift; sourceTree = "<group>"; };
		A38D5FA51F861EDE00E15382 /* Info.plist */ = {isa = PBXFileReference; lastKnownFileType = text.plist.xml; path = Info.plist; sourceTree = "<group>"; };
		A38D5FB31F86424B00E15382 /* InstagramStoryCollectionViewCell.swift */ = {isa = PBXFileReference; fileEncoding = 4; lastKnownFileType = sourcecode.swift; path = InstagramStoryCollectionViewCell.swift; sourceTree = "<group>"; };
		A3B7DCCF1F8B35640031AD08 /* InstagramStoriesModel.swift */ = {isa = PBXFileReference; fileEncoding = 4; lastKnownFileType = sourcecode.swift; path = InstagramStoriesModel.swift; sourceTree = "<group>"; };
		A3D8CF1E1F8B4768009E065C /* InstagramUserServices.swift */ = {isa = PBXFileReference; fileEncoding = 4; lastKnownFileType = sourcecode.swift; path = InstagramUserServices.swift; sourceTree = "<group>"; };
		A3D8CF201F8B47E3009E065C /* SwiftyJSON.framework */ = {isa = PBXFileReference; lastKnownFileType = wrapper.framework; name = SwiftyJSON.framework; path = "../../../Library/Developer/Xcode/DerivedData/InstagramStoriesModule-boerzfstarhokvbwehwanewzqhzg/Build/Products/Debug-iphoneos/SwiftyJSON/SwiftyJSON.framework"; sourceTree = "<group>"; };
		A3DF1A061F86835E006E109D /* InstagramStoryDetailViewController.swift */ = {isa = PBXFileReference; fileEncoding = 4; lastKnownFileType = sourcecode.swift; path = InstagramStoryDetailViewController.swift; sourceTree = "<group>"; };
		A3DF1A091F8685A6006E109D /* StoryboardIdentifiable.swift */ = {isa = PBXFileReference; fileEncoding = 4; lastKnownFileType = sourcecode.swift; path = StoryboardIdentifiable.swift; sourceTree = "<group>"; };
		A3DF1A0A1F8685A6006E109D /* UIStoryboard+Storyboards.swift */ = {isa = PBXFileReference; fileEncoding = 4; lastKnownFileType = sourcecode.swift; path = "UIStoryboard+Storyboards.swift"; sourceTree = "<group>"; };
		A3DF1A0B1F8685A6006E109D /* UIViewController+StoryboardIdentifier.swift */ = {isa = PBXFileReference; fileEncoding = 4; lastKnownFileType = sourcecode.swift; path = "UIViewController+StoryboardIdentifier.swift"; sourceTree = "<group>"; };
		D2FB083E1080A7B596B5D040 /* Pods_InstagramStoriesModule.framework */ = {isa = PBXFileReference; explicitFileType = wrapper.framework; includeInIndex = 0; path = Pods_InstagramStoriesModule.framework; sourceTree = BUILT_PRODUCTS_DIR; };
/* End PBXFileReference section */

/* Begin PBXFrameworksBuildPhase section */
		A38D5F7A1F861EDE00E15382 /* Frameworks */ = {
			isa = PBXFrameworksBuildPhase;
			buildActionMask = 2147483647;
			files = (
				A3D8CF211F8B47E3009E065C /* SwiftyJSON.framework in Frameworks */,
				D6A491D34B8786113BAEEBD5 /* Pods_InstagramStoriesModule.framework in Frameworks */,
			);
			runOnlyForDeploymentPostprocessing = 0;
		};
		A38D5F911F861EDE00E15382 /* Frameworks */ = {
			isa = PBXFrameworksBuildPhase;
			buildActionMask = 2147483647;
			files = (
			);
			runOnlyForDeploymentPostprocessing = 0;
		};
		A38D5F9C1F861EDE00E15382 /* Frameworks */ = {
			isa = PBXFrameworksBuildPhase;
			buildActionMask = 2147483647;
			files = (
			);
			runOnlyForDeploymentPostprocessing = 0;
		};
/* End PBXFrameworksBuildPhase section */

/* Begin PBXGroup section */
		3C094D4DB73195D704063D28 /* Pods */ = {
			isa = PBXGroup;
			children = (
				5DC3F9A131256152D9D23357 /* Pods-InstagramStoriesModule.debug.xcconfig */,
				7D1FD72526D8638D78043348 /* Pods-InstagramStoriesModule.release.xcconfig */,
			);
			name = Pods;
			sourceTree = "<group>";
		};
		A346D7851F8A739500BBF75C /* Resources */ = {
			isa = PBXGroup;
			children = (
				A346D7831F8A738A00BBF75C /* open_sign.mp4 */,
				A346D7811F8A737700BBF75C /* giphy.mp4 */,
			);
			name = Resources;
			sourceTree = "<group>";
		};
		A38D5F741F861EDE00E15382 = {
			isa = PBXGroup;
			children = (
				A38D5F7F1F861EDE00E15382 /* InstagramStoriesModule */,
				A38D5F971F861EDE00E15382 /* InstagramStoriesModuleTests */,
				A38D5FA21F861EDE00E15382 /* InstagramStoriesModuleUITests */,
				A38D5F7E1F861EDE00E15382 /* Products */,
				3C094D4DB73195D704063D28 /* Pods */,
				DDC0F764689D16BBD34972C6 /* Frameworks */,
			);
			sourceTree = "<group>";
		};
		A38D5F7E1F861EDE00E15382 /* Products */ = {
			isa = PBXGroup;
			children = (
				A38D5F7D1F861EDE00E15382 /* InstagramStoriesModule.app */,
				A38D5F941F861EDE00E15382 /* InstagramStoriesModuleTests.xctest */,
				A38D5F9F1F861EDE00E15382 /* InstagramStoriesModuleUITests.xctest */,
			);
			name = Products;
			sourceTree = "<group>";
		};
		A38D5F7F1F861EDE00E15382 /* InstagramStoriesModule */ = {
			isa = PBXGroup;
			children = (
				A346D7851F8A739500BBF75C /* Resources */,
				A3DF1A081F868595006E109D /* StoryBoard */,
				A3DF1A051F868337006E109D /* StoryDetail */,
				A38D5FB11F86253D00E15382 /* Appdelegate */,
				A38D5FB21F86255600E15382 /* StoryList */,
				A38D5F8A1F861EDE00E15382 /* Assets.xcassets */,
				A38D5F8C1F861EDE00E15382 /* LaunchScreen.storyboard */,
				A38D5F8F1F861EDE00E15382 /* Info.plist */,
				A38D5F871F861EDE00E15382 /* InstagramStoriesModule.xcdatamodeld */,
			);
			path = InstagramStoriesModule;
			sourceTree = "<group>";
		};
		A38D5F971F861EDE00E15382 /* InstagramStoriesModuleTests */ = {
			isa = PBXGroup;
			children = (
				A38D5F981F861EDE00E15382 /* InstagramStoriesModuleTests.swift */,
				A38D5F9A1F861EDE00E15382 /* Info.plist */,
			);
			path = InstagramStoriesModuleTests;
			sourceTree = "<group>";
		};
		A38D5FA21F861EDE00E15382 /* InstagramStoriesModuleUITests */ = {
			isa = PBXGroup;
			children = (
				A38D5FA31F861EDE00E15382 /* InstagramStoriesModuleUITests.swift */,
				A38D5FA51F861EDE00E15382 /* Info.plist */,
			);
			path = InstagramStoriesModuleUITests;
			sourceTree = "<group>";
		};
		A38D5FB11F86253D00E15382 /* Appdelegate */ = {
			isa = PBXGroup;
			children = (
				A38D5F801F861EDE00E15382 /* AppDelegate.swift */,
			);
			name = Appdelegate;
			sourceTree = "<group>";
		};
		A38D5FB21F86255600E15382 /* StoryList */ = {
			isa = PBXGroup;
			children = (
				A3D8CF1E1F8B4768009E065C /* InstagramUserServices.swift */,
				A37CE2261F8B3CF100DFC1FC /* jsonFile.json */,
				A3B7DCD11F8B356F0031AD08 /* Model */,
				A38D5FB61F86480600E15382 /* View */,
				A38D5FB51F8647F800E15382 /* ViewController */,
				A38D5F841F861EDE00E15382 /* Main.storyboard */,
			);
			name = StoryList;
			sourceTree = "<group>";
		};
		A38D5FB51F8647F800E15382 /* ViewController */ = {
			isa = PBXGroup;
			children = (
				A38D5F821F861EDE00E15382 /* InstagramStoryViewController.swift */,
			);
			name = ViewController;
			sourceTree = "<group>";
		};
		A38D5FB61F86480600E15382 /* View */ = {
			isa = PBXGroup;
			children = (
				A38D5FB31F86424B00E15382 /* InstagramStoryCollectionViewCell.swift */,
				A36529381F8A5F2E009616DC /* InstagramStoriesTableViewCell.swift */,
			);
			name = View;
			sourceTree = "<group>";
		};
		A3B7DCD11F8B356F0031AD08 /* Model */ = {
			isa = PBXGroup;
			children = (
				A3B7DCCF1F8B35640031AD08 /* InstagramStoriesModel.swift */,
			);
			name = Model;
			sourceTree = "<group>";
		};
		A3DF1A051F868337006E109D /* StoryDetail */ = {
			isa = PBXGroup;
			children = (
				A3DF1A061F86835E006E109D /* InstagramStoryDetailViewController.swift */,
				A33F81621F89530F00988950 /* SegmentedProgressBar.swift */,
			);
			name = StoryDetail;
			sourceTree = "<group>";
		};
		A3DF1A081F868595006E109D /* StoryBoard */ = {
			isa = PBXGroup;
			children = (
				A3DF1A091F8685A6006E109D /* StoryboardIdentifiable.swift */,
				A3DF1A0A1F8685A6006E109D /* UIStoryboard+Storyboards.swift */,
				A3DF1A0B1F8685A6006E109D /* UIViewController+StoryboardIdentifier.swift */,
			);
			name = StoryBoard;
			sourceTree = "<group>";
		};
		DDC0F764689D16BBD34972C6 /* Frameworks */ = {
			isa = PBXGroup;
			children = (
				A3D8CF201F8B47E3009E065C /* SwiftyJSON.framework */,
				D2FB083E1080A7B596B5D040 /* Pods_InstagramStoriesModule.framework */,
			);
			name = Frameworks;
			sourceTree = "<group>";
		};
/* End PBXGroup section */

/* Begin PBXNativeTarget section */
		A38D5F7C1F861EDE00E15382 /* InstagramStoriesModule */ = {
			isa = PBXNativeTarget;
			buildConfigurationList = A38D5FA81F861EDE00E15382 /* Build configuration list for PBXNativeTarget "InstagramStoriesModule" */;
			buildPhases = (
				D9CF4C734C7BBA0541B67A1F /* 📦 Check Pods Manifest.lock */,
				A38D5F791F861EDE00E15382 /* Sources */,
				A38D5F7A1F861EDE00E15382 /* Frameworks */,
				A38D5F7B1F861EDE00E15382 /* Resources */,
				FFD7C70860216310C34F5AD2 /* 📦 Embed Pods Frameworks */,
				EC2942C6B35A87F982EE3907 /* 📦 Copy Pods Resources */,
			);
			buildRules = (
			);
			dependencies = (
			);
			name = InstagramStoriesModule;
			productName = InstagramStoriesModule;
			productReference = A38D5F7D1F861EDE00E15382 /* InstagramStoriesModule.app */;
			productType = "com.apple.product-type.application";
		};
		A38D5F931F861EDE00E15382 /* InstagramStoriesModuleTests */ = {
			isa = PBXNativeTarget;
			buildConfigurationList = A38D5FAB1F861EDE00E15382 /* Build configuration list for PBXNativeTarget "InstagramStoriesModuleTests" */;
			buildPhases = (
				A38D5F901F861EDE00E15382 /* Sources */,
				A38D5F911F861EDE00E15382 /* Frameworks */,
				A38D5F921F861EDE00E15382 /* Resources */,
			);
			buildRules = (
			);
			dependencies = (
				A38D5F961F861EDE00E15382 /* PBXTargetDependency */,
			);
			name = InstagramStoriesModuleTests;
			productName = InstagramStoriesModuleTests;
			productReference = A38D5F941F861EDE00E15382 /* InstagramStoriesModuleTests.xctest */;
			productType = "com.apple.product-type.bundle.unit-test";
		};
		A38D5F9E1F861EDE00E15382 /* InstagramStoriesModuleUITests */ = {
			isa = PBXNativeTarget;
			buildConfigurationList = A38D5FAE1F861EDE00E15382 /* Build configuration list for PBXNativeTarget "InstagramStoriesModuleUITests" */;
			buildPhases = (
				A38D5F9B1F861EDE00E15382 /* Sources */,
				A38D5F9C1F861EDE00E15382 /* Frameworks */,
				A38D5F9D1F861EDE00E15382 /* Resources */,
			);
			buildRules = (
			);
			dependencies = (
				A38D5FA11F861EDE00E15382 /* PBXTargetDependency */,
			);
			name = InstagramStoriesModuleUITests;
			productName = InstagramStoriesModuleUITests;
			productReference = A38D5F9F1F861EDE00E15382 /* InstagramStoriesModuleUITests.xctest */;
			productType = "com.apple.product-type.bundle.ui-testing";
		};
/* End PBXNativeTarget section */

/* Begin PBXProject section */
		A38D5F751F861EDE00E15382 /* Project object */ = {
			isa = PBXProject;
			attributes = {
				LastSwiftUpdateCheck = 0830;
				LastUpgradeCheck = 0830;
				ORGANIZATIONNAME = Quintype;
				TargetAttributes = {
					A38D5F7C1F861EDE00E15382 = {
						CreatedOnToolsVersion = 8.3.3;
						ProvisioningStyle = Automatic;
					};
					A38D5F931F861EDE00E15382 = {
						CreatedOnToolsVersion = 8.3.3;
						ProvisioningStyle = Automatic;
						TestTargetID = A38D5F7C1F861EDE00E15382;
					};
					A38D5F9E1F861EDE00E15382 = {
						CreatedOnToolsVersion = 8.3.3;
						ProvisioningStyle = Automatic;
						TestTargetID = A38D5F7C1F861EDE00E15382;
					};
				};
			};
			buildConfigurationList = A38D5F781F861EDE00E15382 /* Build configuration list for PBXProject "InstagramStoriesModule" */;
			compatibilityVersion = "Xcode 3.2";
			developmentRegion = English;
			hasScannedForEncodings = 0;
			knownRegions = (
				en,
				Base,
			);
			mainGroup = A38D5F741F861EDE00E15382;
			productRefGroup = A38D5F7E1F861EDE00E15382 /* Products */;
			projectDirPath = "";
			projectRoot = "";
			targets = (
				A38D5F7C1F861EDE00E15382 /* InstagramStoriesModule */,
				A38D5F931F861EDE00E15382 /* InstagramStoriesModuleTests */,
				A38D5F9E1F861EDE00E15382 /* InstagramStoriesModuleUITests */,
			);
		};
/* End PBXProject section */

/* Begin PBXResourcesBuildPhase section */
		A38D5F7B1F861EDE00E15382 /* Resources */ = {
			isa = PBXResourcesBuildPhase;
			buildActionMask = 2147483647;
			files = (
				A346D7821F8A737700BBF75C /* giphy.mp4 in Resources */,
				A346D7841F8A738A00BBF75C /* open_sign.mp4 in Resources */,
				A38D5F8E1F861EDE00E15382 /* LaunchScreen.storyboard in Resources */,
				A37CE2271F8B3CF100DFC1FC /* jsonFile.json in Resources */,
				A38D5F8B1F861EDE00E15382 /* Assets.xcassets in Resources */,
				A38D5F861F861EDE00E15382 /* Main.storyboard in Resources */,
			);
			runOnlyForDeploymentPostprocessing = 0;
		};
		A38D5F921F861EDE00E15382 /* Resources */ = {
			isa = PBXResourcesBuildPhase;
			buildActionMask = 2147483647;
			files = (
			);
			runOnlyForDeploymentPostprocessing = 0;
		};
		A38D5F9D1F861EDE00E15382 /* Resources */ = {
			isa = PBXResourcesBuildPhase;
			buildActionMask = 2147483647;
			files = (
			);
			runOnlyForDeploymentPostprocessing = 0;
		};
/* End PBXResourcesBuildPhase section */

/* Begin PBXShellScriptBuildPhase section */
		D9CF4C734C7BBA0541B67A1F /* 📦 Check Pods Manifest.lock */ = {
			isa = PBXShellScriptBuildPhase;
			buildActionMask = 2147483647;
			files = (
			);
			inputPaths = (
			);
			name = "📦 Check Pods Manifest.lock";
			outputPaths = (
			);
			runOnlyForDeploymentPostprocessing = 0;
			shellPath = /bin/sh;
			shellScript = "diff \"${PODS_ROOT}/../Podfile.lock\" \"${PODS_ROOT}/Manifest.lock\" > /dev/null\nif [[ $? != 0 ]] ; then\n    cat << EOM\nerror: The sandbox is not in sync with the Podfile.lock. Run 'pod install' or update your CocoaPods installation.\nEOM\n    exit 1\nfi\n";
			showEnvVarsInLog = 0;
		};
		EC2942C6B35A87F982EE3907 /* 📦 Copy Pods Resources */ = {
			isa = PBXShellScriptBuildPhase;
			buildActionMask = 2147483647;
			files = (
			);
			inputPaths = (
			);
			name = "📦 Copy Pods Resources";
			outputPaths = (
			);
			runOnlyForDeploymentPostprocessing = 0;
			shellPath = /bin/sh;
			shellScript = "\"${SRCROOT}/Pods/Target Support Files/Pods-InstagramStoriesModule/Pods-InstagramStoriesModule-resources.sh\"\n";
			showEnvVarsInLog = 0;
		};
		FFD7C70860216310C34F5AD2 /* 📦 Embed Pods Frameworks */ = {
			isa = PBXShellScriptBuildPhase;
			buildActionMask = 2147483647;
			files = (
			);
			inputPaths = (
			);
			name = "📦 Embed Pods Frameworks";
			outputPaths = (
			);
			runOnlyForDeploymentPostprocessing = 0;
			shellPath = /bin/sh;
			shellScript = "\"${SRCROOT}/Pods/Target Support Files/Pods-InstagramStoriesModule/Pods-InstagramStoriesModule-frameworks.sh\"\n";
			showEnvVarsInLog = 0;
		};
/* End PBXShellScriptBuildPhase section */

/* Begin PBXSourcesBuildPhase section */
		A38D5F791F861EDE00E15382 /* Sources */ = {
			isa = PBXSourcesBuildPhase;
			buildActionMask = 2147483647;
			files = (
				A38D5F831F861EDE00E15382 /* InstagramStoryViewController.swift in Sources */,
				A38D5F811F861EDE00E15382 /* AppDelegate.swift in Sources */,
				A3B7DCD01F8B35640031AD08 /* InstagramStoriesModel.swift in Sources */,
				A3DF1A0E1F8685A6006E109D /* UIViewController+StoryboardIdentifier.swift in Sources */,
				A3DF1A0C1F8685A6006E109D /* StoryboardIdentifiable.swift in Sources */,
				A3DF1A0D1F8685A6006E109D /* UIStoryboard+Storyboards.swift in Sources */,
				A33F81631F89530F00988950 /* SegmentedProgressBar.swift in Sources */,
				A36529391F8A5F2E009616DC /* InstagramStoriesTableViewCell.swift in Sources */,
				A38D5F891F861EDE00E15382 /* InstagramStoriesModule.xcdatamodeld in Sources */,
				A3D8CF1F1F8B4768009E065C /* InstagramUserServices.swift in Sources */,
				A38D5FB41F86424B00E15382 /* InstagramStoryCollectionViewCell.swift in Sources */,
				A3DF1A071F86835E006E109D /* InstagramStoryDetailViewController.swift in Sources */,
			);
			runOnlyForDeploymentPostprocessing = 0;
		};
		A38D5F901F861EDE00E15382 /* Sources */ = {
			isa = PBXSourcesBuildPhase;
			buildActionMask = 2147483647;
			files = (
				A38D5F991F861EDE00E15382 /* InstagramStoriesModuleTests.swift in Sources */,
			);
			runOnlyForDeploymentPostprocessing = 0;
		};
		A38D5F9B1F861EDE00E15382 /* Sources */ = {
			isa = PBXSourcesBuildPhase;
			buildActionMask = 2147483647;
			files = (
				A38D5FA41F861EDE00E15382 /* InstagramStoriesModuleUITests.swift in Sources */,
			);
			runOnlyForDeploymentPostprocessing = 0;
		};
/* End PBXSourcesBuildPhase section */

/* Begin PBXTargetDependency section */
		A38D5F961F861EDE00E15382 /* PBXTargetDependency */ = {
			isa = PBXTargetDependency;
			target = A38D5F7C1F861EDE00E15382 /* InstagramStoriesModule */;
			targetProxy = A38D5F951F861EDE00E15382 /* PBXContainerItemProxy */;
		};
		A38D5FA11F861EDE00E15382 /* PBXTargetDependency */ = {
			isa = PBXTargetDependency;
			target = A38D5F7C1F861EDE00E15382 /* InstagramStoriesModule */;
			targetProxy = A38D5FA01F861EDE00E15382 /* PBXContainerItemProxy */;
		};
/* End PBXTargetDependency section */

/* Begin PBXVariantGroup section */
		A38D5F841F861EDE00E15382 /* Main.storyboard */ = {
			isa = PBXVariantGroup;
			children = (
				A38D5F851F861EDE00E15382 /* Base */,
			);
			name = Main.storyboard;
			sourceTree = "<group>";
		};
		A38D5F8C1F861EDE00E15382 /* LaunchScreen.storyboard */ = {
			isa = PBXVariantGroup;
			children = (
				A38D5F8D1F861EDE00E15382 /* Base */,
			);
			name = LaunchScreen.storyboard;
			sourceTree = "<group>";
		};
/* End PBXVariantGroup section */

/* Begin XCBuildConfiguration section */
		A38D5FA61F861EDE00E15382 /* Debug */ = {
			isa = XCBuildConfiguration;
			buildSettings = {
				ALWAYS_SEARCH_USER_PATHS = NO;
				CLANG_ANALYZER_NONNULL = YES;
				CLANG_ANALYZER_NUMBER_OBJECT_CONVERSION = YES_AGGRESSIVE;
				CLANG_CXX_LANGUAGE_STANDARD = "gnu++0x";
				CLANG_CXX_LIBRARY = "libc++";
				CLANG_ENABLE_MODULES = YES;
				CLANG_ENABLE_OBJC_ARC = YES;
				CLANG_WARN_BOOL_CONVERSION = YES;
				CLANG_WARN_CONSTANT_CONVERSION = YES;
				CLANG_WARN_DIRECT_OBJC_ISA_USAGE = YES_ERROR;
				CLANG_WARN_DOCUMENTATION_COMMENTS = YES;
				CLANG_WARN_EMPTY_BODY = YES;
				CLANG_WARN_ENUM_CONVERSION = YES;
				CLANG_WARN_INFINITE_RECURSION = YES;
				CLANG_WARN_INT_CONVERSION = YES;
				CLANG_WARN_OBJC_ROOT_CLASS = YES_ERROR;
				CLANG_WARN_SUSPICIOUS_MOVE = YES;
				CLANG_WARN_UNREACHABLE_CODE = YES;
				CLANG_WARN__DUPLICATE_METHOD_MATCH = YES;
				"CODE_SIGN_IDENTITY[sdk=iphoneos*]" = "iPhone Developer";
				COPY_PHASE_STRIP = NO;
				DEBUG_INFORMATION_FORMAT = dwarf;
				ENABLE_STRICT_OBJC_MSGSEND = YES;
				ENABLE_TESTABILITY = YES;
				GCC_C_LANGUAGE_STANDARD = gnu99;
				GCC_DYNAMIC_NO_PIC = NO;
				GCC_NO_COMMON_BLOCKS = YES;
				GCC_OPTIMIZATION_LEVEL = 0;
				GCC_PREPROCESSOR_DEFINITIONS = (
					"DEBUG=1",
					"$(inherited)",
				);
				GCC_WARN_64_TO_32_BIT_CONVERSION = YES;
				GCC_WARN_ABOUT_RETURN_TYPE = YES_ERROR;
				GCC_WARN_UNDECLARED_SELECTOR = YES;
				GCC_WARN_UNINITIALIZED_AUTOS = YES_AGGRESSIVE;
				GCC_WARN_UNUSED_FUNCTION = YES;
				GCC_WARN_UNUSED_VARIABLE = YES;
				IPHONEOS_DEPLOYMENT_TARGET = 10.3;
				MTL_ENABLE_DEBUG_INFO = YES;
				ONLY_ACTIVE_ARCH = YES;
				SDKROOT = iphoneos;
				SWIFT_ACTIVE_COMPILATION_CONDITIONS = DEBUG;
				SWIFT_OPTIMIZATION_LEVEL = "-Onone";
				TARGETED_DEVICE_FAMILY = "1,2";
			};
			name = Debug;
		};
		A38D5FA71F861EDE00E15382 /* Release */ = {
			isa = XCBuildConfiguration;
			buildSettings = {
				ALWAYS_SEARCH_USER_PATHS = NO;
				CLANG_ANALYZER_NONNULL = YES;
				CLANG_ANALYZER_NUMBER_OBJECT_CONVERSION = YES_AGGRESSIVE;
				CLANG_CXX_LANGUAGE_STANDARD = "gnu++0x";
				CLANG_CXX_LIBRARY = "libc++";
				CLANG_ENABLE_MODULES = YES;
				CLANG_ENABLE_OBJC_ARC = YES;
				CLANG_WARN_BOOL_CONVERSION = YES;
				CLANG_WARN_CONSTANT_CONVERSION = YES;
				CLANG_WARN_DIRECT_OBJC_ISA_USAGE = YES_ERROR;
				CLANG_WARN_DOCUMENTATION_COMMENTS = YES;
				CLANG_WARN_EMPTY_BODY = YES;
				CLANG_WARN_ENUM_CONVERSION = YES;
				CLANG_WARN_INFINITE_RECURSION = YES;
				CLANG_WARN_INT_CONVERSION = YES;
				CLANG_WARN_OBJC_ROOT_CLASS = YES_ERROR;
				CLANG_WARN_SUSPICIOUS_MOVE = YES;
				CLANG_WARN_UNREACHABLE_CODE = YES;
				CLANG_WARN__DUPLICATE_METHOD_MATCH = YES;
				"CODE_SIGN_IDENTITY[sdk=iphoneos*]" = "iPhone Developer";
				COPY_PHASE_STRIP = NO;
				DEBUG_INFORMATION_FORMAT = "dwarf-with-dsym";
				ENABLE_NS_ASSERTIONS = NO;
				ENABLE_STRICT_OBJC_MSGSEND = YES;
				GCC_C_LANGUAGE_STANDARD = gnu99;
				GCC_NO_COMMON_BLOCKS = YES;
				GCC_WARN_64_TO_32_BIT_CONVERSION = YES;
				GCC_WARN_ABOUT_RETURN_TYPE = YES_ERROR;
				GCC_WARN_UNDECLARED_SELECTOR = YES;
				GCC_WARN_UNINITIALIZED_AUTOS = YES_AGGRESSIVE;
				GCC_WARN_UNUSED_FUNCTION = YES;
				GCC_WARN_UNUSED_VARIABLE = YES;
				IPHONEOS_DEPLOYMENT_TARGET = 10.3;
				MTL_ENABLE_DEBUG_INFO = NO;
				SDKROOT = iphoneos;
				SWIFT_OPTIMIZATION_LEVEL = "-Owholemodule";
				TARGETED_DEVICE_FAMILY = "1,2";
				VALIDATE_PRODUCT = YES;
			};
			name = Release;
		};
		A38D5FA91F861EDE00E15382 /* Debug */ = {
			isa = XCBuildConfiguration;
			baseConfigurationReference = 5DC3F9A131256152D9D23357 /* Pods-InstagramStoriesModule.debug.xcconfig */;
			buildSettings = {
				ASSETCATALOG_COMPILER_APPICON_NAME = AppIcon;
				INFOPLIST_FILE = InstagramStoriesModule/Info.plist;
				LD_RUNPATH_SEARCH_PATHS = "$(inherited) @executable_path/Frameworks";
				PRODUCT_BUNDLE_IDENTIFIER = Quintype.InstagramStoriesModule;
				PRODUCT_NAME = "$(TARGET_NAME)";
				SWIFT_VERSION = 3.0;
			};
			name = Debug;
		};
		A38D5FAA1F861EDE00E15382 /* Release */ = {
			isa = XCBuildConfiguration;
			baseConfigurationReference = 7D1FD72526D8638D78043348 /* Pods-InstagramStoriesModule.release.xcconfig */;
			buildSettings = {
				ASSETCATALOG_COMPILER_APPICON_NAME = AppIcon;
				INFOPLIST_FILE = InstagramStoriesModule/Info.plist;
				LD_RUNPATH_SEARCH_PATHS = "$(inherited) @executable_path/Frameworks";
				PRODUCT_BUNDLE_IDENTIFIER = Quintype.InstagramStoriesModule;
				PRODUCT_NAME = "$(TARGET_NAME)";
				SWIFT_VERSION = 3.0;
			};
			name = Release;
		};
		A38D5FAC1F861EDE00E15382 /* Debug */ = {
			isa = XCBuildConfiguration;
			buildSettings = {
				ALWAYS_EMBED_SWIFT_STANDARD_LIBRARIES = YES;
				BUNDLE_LOADER = "$(TEST_HOST)";
				INFOPLIST_FILE = InstagramStoriesModuleTests/Info.plist;
				LD_RUNPATH_SEARCH_PATHS = "$(inherited) @executable_path/Frameworks @loader_path/Frameworks";
				PRODUCT_BUNDLE_IDENTIFIER = Quintype.InstagramStoriesModuleTests;
				PRODUCT_NAME = "$(TARGET_NAME)";
				SWIFT_VERSION = 3.0;
				TEST_HOST = "$(BUILT_PRODUCTS_DIR)/InstagramStoriesModule.app/InstagramStoriesModule";
			};
			name = Debug;
		};
		A38D5FAD1F861EDE00E15382 /* Release */ = {
			isa = XCBuildConfiguration;
			buildSettings = {
				ALWAYS_EMBED_SWIFT_STANDARD_LIBRARIES = YES;
				BUNDLE_LOADER = "$(TEST_HOST)";
				INFOPLIST_FILE = InstagramStoriesModuleTests/Info.plist;
				LD_RUNPATH_SEARCH_PATHS = "$(inherited) @executable_path/Frameworks @loader_path/Frameworks";
				PRODUCT_BUNDLE_IDENTIFIER = Quintype.InstagramStoriesModuleTests;
				PRODUCT_NAME = "$(TARGET_NAME)";
				SWIFT_VERSION = 3.0;
				TEST_HOST = "$(BUILT_PRODUCTS_DIR)/InstagramStoriesModule.app/InstagramStoriesModule";
			};
			name = Release;
		};
		A38D5FAF1F861EDE00E15382 /* Debug */ = {
			isa = XCBuildConfiguration;
			buildSettings = {
				ALWAYS_EMBED_SWIFT_STANDARD_LIBRARIES = YES;
				INFOPLIST_FILE = InstagramStoriesModuleUITests/Info.plist;
				LD_RUNPATH_SEARCH_PATHS = "$(inherited) @executable_path/Frameworks @loader_path/Frameworks";
				PRODUCT_BUNDLE_IDENTIFIER = Quintype.InstagramStoriesModuleUITests;
				PRODUCT_NAME = "$(TARGET_NAME)";
				SWIFT_VERSION = 3.0;
				TEST_TARGET_NAME = InstagramStoriesModule;
			};
			name = Debug;
		};
		A38D5FB01F861EDE00E15382 /* Release */ = {
			isa = XCBuildConfiguration;
			buildSettings = {
				ALWAYS_EMBED_SWIFT_STANDARD_LIBRARIES = YES;
				INFOPLIST_FILE = InstagramStoriesModuleUITests/Info.plist;
				LD_RUNPATH_SEARCH_PATHS = "$(inherited) @executable_path/Frameworks @loader_path/Frameworks";
				PRODUCT_BUNDLE_IDENTIFIER = Quintype.InstagramStoriesModuleUITests;
				PRODUCT_NAME = "$(TARGET_NAME)";
				SWIFT_VERSION = 3.0;
				TEST_TARGET_NAME = InstagramStoriesModule;
			};
			name = Release;
		};
/* End XCBuildConfiguration section */

/* Begin XCConfigurationList section */
		A38D5F781F861EDE00E15382 /* Build configuration list for PBXProject "InstagramStoriesModule" */ = {
			isa = XCConfigurationList;
			buildConfigurations = (
				A38D5FA61F861EDE00E15382 /* Debug */,
				A38D5FA71F861EDE00E15382 /* Release */,
			);
			defaultConfigurationIsVisible = 0;
			defaultConfigurationName = Release;
		};
		A38D5FA81F861EDE00E15382 /* Build configuration list for PBXNativeTarget "InstagramStoriesModule" */ = {
			isa = XCConfigurationList;
			buildConfigurations = (
				A38D5FA91F861EDE00E15382 /* Debug */,
				A38D5FAA1F861EDE00E15382 /* Release */,
			);
			defaultConfigurationIsVisible = 0;
			defaultConfigurationName = Release;
		};
		A38D5FAB1F861EDE00E15382 /* Build configuration list for PBXNativeTarget "InstagramStoriesModuleTests" */ = {
			isa = XCConfigurationList;
			buildConfigurations = (
				A38D5FAC1F861EDE00E15382 /* Debug */,
				A38D5FAD1F861EDE00E15382 /* Release */,
			);
			defaultConfigurationIsVisible = 0;
			defaultConfigurationName = Release;
		};
		A38D5FAE1F861EDE00E15382 /* Build configuration list for PBXNativeTarget "InstagramStoriesModuleUITests" */ = {
			isa = XCConfigurationList;
			buildConfigurations = (
				A38D5FAF1F861EDE00E15382 /* Debug */,
				A38D5FB01F861EDE00E15382 /* Release */,
			);
			defaultConfigurationIsVisible = 0;
			defaultConfigurationName = Release;
		};
/* End XCConfigurationList section */

/* Begin XCVersionGroup section */
		A38D5F871F861EDE00E15382 /* InstagramStoriesModule.xcdatamodeld */ = {
			isa = XCVersionGroup;
			children = (
				A38D5F881F861EDE00E15382 /* InstagramStoriesModule.xcdatamodel */,
			);
			currentVersion = A38D5F881F861EDE00E15382 /* InstagramStoriesModule.xcdatamodel */;
			path = InstagramStoriesModule.xcdatamodeld;
			sourceTree = "<group>";
			versionGroupType = wrapper.xcdatamodel;
		};
/* End XCVersionGroup section */
	};
	rootObject = A38D5F751F861EDE00E15382 /* Project object */;
}
